<?xml version="1.0" encoding="utf-8"?>
<Project ToolsVersion="17.0" xmlns="http://schemas.microsoft.com/developer/msbuild/2003">
  <ItemGroup>
    <CustomBuild Include="D:\Agaaf\Interns\CodeAlpha\Projects\taskthree\CMakeFiles\d1e771afe76ddd39b4395cded6c857ec\generate.stamp.rule">
      <Filter>CMake Rules</Filter>
    </CustomBuild>
  </ItemGroup>
  <ItemGroup>
    <Filter Include="CMake Rules">
      <UniqueIdentifier>{EF35C7B0-4BAE-31D0-BFF1-5ACB745FD83D}</UniqueIdentifier>
    </Filter>
  </ItemGroup>
</Project>
